
Microsoft Visual Studio Solution File, Format Version 12.00
# Visual Studio Version 16
VisualStudioVersion = 16.0.30204.135
MinimumVisualStudioVersion = 10.0.40219.1
Project("{FAE04EC0-301F-11D3-BF4B-00C04F79EFBC}") = "FileMonitor", "FileMonitor.csproj", "{B3D83E31-9095-4A6D-A937-6DC2E5F05F0A}"
EndProject
Global
	GlobalSection(SolutionConfigurationPlatforms) = preSolution
		Debug|Any CPU = Debug|Any CPU
		Release|Any CPU = Release|Any CPU
	EndGlobalSection
	GlobalSection(ProjectConfigurationPlatforms) = postSolution
		{B3D83E31-9095-4A6D-A937-6DC2E5F05F0A}.Debug|Any CPU.ActiveCfg = Debug|Any CPU
		{B3D83E31-9095-4A6D-A937-6DC2E5F05F0A}.Debug|Any CPU.Build.0 = Debug|Any CPU
		{B3D83E31-9095-4A6D-A937-6DC2E5F05F0A}.Release|Any CPU.ActiveCfg = Release|Any CPU
		{B3D83E31-9095-4A6D-A937-6DC2E5F05F0A}.Release|Any CPU.Build.0 = Release|Any CPU
	EndGlobalSection
	GlobalSection(SolutionProperties) = preSolution
		HideSolutionNode = FALSE
	EndGlobalSection
	GlobalSection(ExtensibilityGlobals) = postSolution
		SolutionGuid = {A0A31DA9-AB15-4925-8EFD-87778EA79867}
	EndGlobalSection
EndGlobal
